// !$*UTF8*$!
{
	archiveVersion = 1;
	classes = {
	};
	objectVersion = 56;
	objects = {

/* Begin PBXBuildFile section */
		396870E1294F9D2400EA10B5 /* Chord_HelperApp.swift in Sources */ = {isa = PBXBuildFile; fileRef = 396870E0294F9D2400EA10B5 /* Chord_HelperApp.swift */; };
		396870E5294F9D2400EA10B5 /* Assets.xcassets in Resources */ = {isa = PBXBuildFile; fileRef = 396870E4294F9D2400EA10B5 /* Assets.xcassets */; };
		396870FE294F9D7B00EA10B5 /* ChordPlayer.swift in Sources */ = {isa = PBXBuildFile; fileRef = 396870F5294F9D7B00EA10B5 /* ChordPlayer.swift */; };
		396870FF294F9D7B00EA10B5 /* Answer.swift in Sources */ = {isa = PBXBuildFile; fileRef = 396870F6294F9D7B00EA10B5 /* Answer.swift */; };
		39687100294F9D7B00EA10B5 /* Quiz.swift in Sources */ = {isa = PBXBuildFile; fileRef = 396870F7294F9D7B00EA10B5 /* Quiz.swift */; };
		39687101294F9D7B00EA10B5 /* SettingsView.swift in Sources */ = {isa = PBXBuildFile; fileRef = 396870F9294F9D7B00EA10B5 /* SettingsView.swift */; };
		39687102294F9D7B00EA10B5 /* QuizView.swift in Sources */ = {isa = PBXBuildFile; fileRef = 396870FA294F9D7B00EA10B5 /* QuizView.swift */; };
		39687103294F9D7B00EA10B5 /* ContentView.swift in Sources */ = {isa = PBXBuildFile; fileRef = 396870FB294F9D7B00EA10B5 /* ContentView.swift */; };
		39687104294F9D7B00EA10B5 /* QuizViewModel.swift in Sources */ = {isa = PBXBuildFile; fileRef = 396870FD294F9D7B00EA10B5 /* QuizViewModel.swift */; };
		39687107294F9D8D00EA10B5 /* Piano in Resources */ = {isa = PBXBuildFile; fileRef = 39687105294F9D8D00EA10B5 /* Piano */; };
		39687108294F9D8D00EA10B5 /* Guitar in Resources */ = {isa = PBXBuildFile; fileRef = 39687106294F9D8D00EA10B5 /* Guitar */; };
		3968710B294F9DA300EA10B5 /* Preview Assets.xcassets in Resources */ = {isa = PBXBuildFile; fileRef = 3968710A294F9DA300EA10B5 /* Preview Assets.xcassets */; };
/* End PBXBuildFile section */

/* Begin PBXFileReference section */
		396870DD294F9D2400EA10B5 /* Chord Helper.app */ = {isa = PBXFileReference; explicitFileType = wrapper.application; includeInIndex = 0; path = "Chord Helper.app"; sourceTree = BUILT_PRODUCTS_DIR; };
		396870E0294F9D2400EA10B5 /* Chord_HelperApp.swift */ = {isa = PBXFileReference; lastKnownFileType = sourcecode.swift; path = Chord_HelperApp.swift; sourceTree = "<group>"; };
		396870E4294F9D2400EA10B5 /* Assets.xcassets */ = {isa = PBXFileReference; lastKnownFileType = folder.assetcatalog; path = Assets.xcassets; sourceTree = "<group>"; };
		396870F5294F9D7B00EA10B5 /* ChordPlayer.swift */ = {isa = PBXFileReference; fileEncoding = 4; lastKnownFileType = sourcecode.swift; path = ChordPlayer.swift; sourceTree = "<group>"; };
		396870F6294F9D7B00EA10B5 /* Answer.swift */ = {isa = PBXFileReference; fileEncoding = 4; lastKnownFileType = sourcecode.swift; path = Answer.swift; sourceTree = "<group>"; };
		396870F7294F9D7B00EA10B5 /* Quiz.swift */ = {isa = PBXFileReference; fileEncoding = 4; lastKnownFileType = sourcecode.swift; path = Quiz.swift; sourceTree = "<group>"; };
		396870F9294F9D7B00EA10B5 /* SettingsView.swift */ = {isa = PBXFileReference; fileEncoding = 4; lastKnownFileType = sourcecode.swift; path = SettingsView.swift; sourceTree = "<group>"; };
		396870FA294F9D7B00EA10B5 /* QuizView.swift */ = {isa = PBXFileReference; fileEncoding = 4; lastKnownFileType = sourcecode.swift; path = QuizView.swift; sourceTree = "<group>"; };
		396870FB294F9D7B00EA10B5 /* ContentView.swift */ = {isa = PBXFileReference; fileEncoding = 4; lastKnownFileType = sourcecode.swift; path = ContentView.swift; sourceTree = "<group>"; };
		396870FD294F9D7B00EA10B5 /* QuizViewModel.swift */ = {isa = PBXFileReference; fileEncoding = 4; lastKnownFileType = sourcecode.swift; path = QuizViewModel.swift; sourceTree = "<group>"; };
		39687105294F9D8D00EA10B5 /* Piano */ = {isa = PBXFileReference; lastKnownFileType = folder; path = Piano; sourceTree = "<group>"; };
		39687106294F9D8D00EA10B5 /* Guitar */ = {isa = PBXFileReference; lastKnownFileType = folder; path = Guitar; sourceTree = "<group>"; };
		3968710A294F9DA300EA10B5 /* Preview Assets.xcassets */ = {isa = PBXFileReference; lastKnownFileType = folder.assetcatalog; path = "Preview Assets.xcassets"; sourceTree = "<group>"; };
/* End PBXFileReference section */

/* Begin PBXFrameworksBuildPhase section */
		396870DA294F9D2400EA10B5 /* Frameworks */ = {
			isa = PBXFrameworksBuildPhase;
			buildActionMask = 2147483647;
			files = (
			);
			runOnlyForDeploymentPostprocessing = 0;
		};
/* End PBXFrameworksBuildPhase section */

/* Begin PBXGroup section */
		396870D4294F9D2400EA10B5 = {
			isa = PBXGroup;
			children = (
				396870DF294F9D2400EA10B5 /* Chord Helper */,
				396870DE294F9D2400EA10B5 /* Products */,
			);
			sourceTree = "<group>";
		};
		396870DE294F9D2400EA10B5 /* Products */ = {
			isa = PBXGroup;
			children = (
				396870DD294F9D2400EA10B5 /* Chord Helper.app */,
			);
			name = Products;
			sourceTree = "<group>";
		};
		396870DF294F9D2400EA10B5 /* Chord Helper */ = {
			isa = PBXGroup;
			children = (
				39687106294F9D8D00EA10B5 /* Guitar */,
				39687105294F9D8D00EA10B5 /* Piano */,
				396870E0294F9D2400EA10B5 /* Chord_HelperApp.swift */,
				396870F4294F9D7B00EA10B5 /* Models */,
				396870FC294F9D7B00EA10B5 /* ViewModels */,
				396870F8294F9D7B00EA10B5 /* Views */,
				396870E4294F9D2400EA10B5 /* Assets.xcassets */,
				39687109294F9DA300EA10B5 /* Preview Content */,
			);
			path = "Chord Helper";
			sourceTree = "<group>";
		};
		396870F4294F9D7B00EA10B5 /* Models */ = {
			isa = PBXGroup;
			children = (
				396870F5294F9D7B00EA10B5 /* ChordPlayer.swift */,
				396870F6294F9D7B00EA10B5 /* Answer.swift */,
				396870F7294F9D7B00EA10B5 /* Quiz.swift */,
			);
			path = Models;
			sourceTree = "<group>";
		};
		396870F8294F9D7B00EA10B5 /* Views */ = {
			isa = PBXGroup;
			children = (
				396870F9294F9D7B00EA10B5 /* SettingsView.swift */,
				396870FA294F9D7B00EA10B5 /* QuizView.swift */,
				396870FB294F9D7B00EA10B5 /* ContentView.swift */,
			);
			path = Views;
			sourceTree = "<group>";
		};
		396870FC294F9D7B00EA10B5 /* ViewModels */ = {
			isa = PBXGroup;
			children = (
				396870FD294F9D7B00EA10B5 /* QuizViewModel.swift */,
			);
			path = ViewModels;
			sourceTree = "<group>";
		};
		39687109294F9DA300EA10B5 /* Preview Content */ = {
			isa = PBXGroup;
			children = (
				3968710A294F9DA300EA10B5 /* Preview Assets.xcassets */,
			);
			path = "Preview Content";
			sourceTree = "<group>";
		};
/* End PBXGroup section */

/* Begin PBXNativeTarget section */
		396870DC294F9D2400EA10B5 /* Chord Helper */ = {
			isa = PBXNativeTarget;
			buildConfigurationList = 396870EB294F9D2400EA10B5 /* Build configuration list for PBXNativeTarget "Chord Helper" */;
			buildPhases = (
				396870D9294F9D2400EA10B5 /* Sources */,
				396870DA294F9D2400EA10B5 /* Frameworks */,
				396870DB294F9D2400EA10B5 /* Resources */,
			);
			buildRules = (
			);
			dependencies = (
			);
			name = "Chord Helper";
			productName = "Chord Helper";
			productReference = 396870DD294F9D2400EA10B5 /* Chord Helper.app */;
			productType = "com.apple.product-type.application";
		};
/* End PBXNativeTarget section */

/* Begin PBXProject section */
		396870D5294F9D2400EA10B5 /* Project object */ = {
			isa = PBXProject;
			attributes = {
				BuildIndependentTargetsInParallel = 1;
				LastSwiftUpdateCheck = 1420;
				LastUpgradeCheck = 1420;
				TargetAttributes = {
					396870DC294F9D2400EA10B5 = {
						CreatedOnToolsVersion = 14.2;
					};
				};
			};
			buildConfigurationList = 396870D8294F9D2400EA10B5 /* Build configuration list for PBXProject "Chord Helper" */;
			compatibilityVersion = "Xcode 14.0";
			developmentRegion = en;
			hasScannedForEncodings = 0;
			knownRegions = (
				en,
				Base,
			);
			mainGroup = 396870D4294F9D2400EA10B5;
			productRefGroup = 396870DE294F9D2400EA10B5 /* Products */;
			projectDirPath = "";
			projectRoot = "";
			targets = (
				396870DC294F9D2400EA10B5 /* Chord Helper */,
			);
		};
/* End PBXProject section */

/* Begin PBXResourcesBuildPhase section */
		396870DB294F9D2400EA10B5 /* Resources */ = {
			isa = PBXResourcesBuildPhase;
			buildActionMask = 2147483647;
			files = (
				3968710B294F9DA300EA10B5 /* Preview Assets.xcassets in Resources */,
				39687107294F9D8D00EA10B5 /* Piano in Resources */,
				39687108294F9D8D00EA10B5 /* Guitar in Resources */,
				396870E5294F9D2400EA10B5 /* Assets.xcassets in Resources */,
			);
			runOnlyForDeploymentPostprocessing = 0;
		};
/* End PBXResourcesBuildPhase section */

/* Begin PBXSourcesBuildPhase section */
		396870D9294F9D2400EA10B5 /* Sources */ = {
			isa = PBXSourcesBuildPhase;
			buildActionMask = 2147483647;
			files = (
				39687101294F9D7B00EA10B5 /* SettingsView.swift in Sources */,
				396870FF294F9D7B00EA10B5 /* Answer.swift in Sources */,
				39687103294F9D7B00EA10B5 /* ContentView.swift in Sources */,
				39687104294F9D7B00EA10B5 /* QuizViewModel.swift in Sources */,
				396870E1294F9D2400EA10B5 /* Chord_HelperApp.swift in Sources */,
				39687100294F9D7B00EA10B5 /* Quiz.swift in Sources */,
				396870FE294F9D7B00EA10B5 /* ChordPlayer.swift in Sources */,
				39687102294F9D7B00EA10B5 /* QuizView.swift in Sources */,
			);
			runOnlyForDeploymentPostprocessing = 0;
		};
/* End PBXSourcesBuildPhase section */

/* Begin XCBuildConfiguration section */
		396870E9294F9D2400EA10B5 /* Debug */ = {
			isa = XCBuildConfiguration;
			buildSettings = {
				ALWAYS_SEARCH_USER_PATHS = NO;
				CLANG_ANALYZER_NONNULL = YES;
				CLANG_ANALYZER_NUMBER_OBJECT_CONVERSION = YES_AGGRESSIVE;
				CLANG_CXX_LANGUAGE_STANDARD = "gnu++20";
				CLANG_ENABLE_MODULES = YES;
				CLANG_ENABLE_OBJC_ARC = YES;
				CLANG_ENABLE_OBJC_WEAK = YES;
				CLANG_WARN_BLOCK_CAPTURE_AUTORELEASING = YES;
				CLANG_WARN_BOOL_CONVERSION = YES;
				CLANG_WARN_COMMA = YES;
				CLANG_WARN_CONSTANT_CONVERSION = YES;
				CLANG_WARN_DEPRECATED_OBJC_IMPLEMENTATIONS = YES;
				CLANG_WARN_DIRECT_OBJC_ISA_USAGE = YES_ERROR;
				CLANG_WARN_DOCUMENTATION_COMMENTS = YES;
				CLANG_WARN_EMPTY_BODY = YES;
				CLANG_WARN_ENUM_CONVERSION = YES;
				CLANG_WARN_INFINITE_RECURSION = YES;
				CLANG_WARN_INT_CONVERSION = YES;
				CLANG_WARN_NON_LITERAL_NULL_CONVERSION = YES;
				CLANG_WARN_OBJC_IMPLICIT_RETAIN_SELF = YES;
				CLANG_WARN_OBJC_LITERAL_CONVERSION = YES;
				CLANG_WARN_OBJC_ROOT_CLASS = YES_ERROR;
				CLANG_WARN_QUOTED_INCLUDE_IN_FRAMEWORK_HEADER = YES;
				CLANG_WARN_RANGE_LOOP_ANALYSIS = YES;
				CLANG_WARN_STRICT_PROTOTYPES = YES;
				CLANG_WARN_SUSPICIOUS_MOVE = YES;
				CLANG_WARN_UNGUARDED_AVAILABILITY = YES_AGGRESSIVE;
				CLANG_WARN_UNREACHABLE_CODE = YES;
				CLANG_WARN__DUPLICATE_METHOD_MATCH = YES;
				COPY_PHASE_STRIP = NO;
				DEBUG_INFORMATION_FORMAT = dwarf;
				ENABLE_STRICT_OBJC_MSGSEND = YES;
				ENABLE_TESTABILITY = YES;
				GCC_C_LANGUAGE_STANDARD = gnu11;
				GCC_DYNAMIC_NO_PIC = NO;
				GCC_NO_COMMON_BLOCKS = YES;
				GCC_OPTIMIZATION_LEVEL = 0;
				GCC_PREPROCESSOR_DEFINITIONS = (
					"DEBUG=1",
					"$(inherited)",
				);
				GCC_WARN_64_TO_32_BIT_CONVERSION = YES;
				GCC_WARN_ABOUT_RETURN_TYPE = YES_ERROR;
				GCC_WARN_UNDECLARED_SELECTOR = YES;
				GCC_WARN_UNINITIALIZED_AUTOS = YES_AGGRESSIVE;
				GCC_WARN_UNUSED_FUNCTION = YES;
				GCC_WARN_UNUSED_VARIABLE = YES;
				IPHONEOS_DEPLOYMENT_TARGET = 16.0;
				MTL_ENABLE_DEBUG_INFO = INCLUDE_SOURCE;
				MTL_FAST_MATH = YES;
				ONLY_ACTIVE_ARCH = YES;
				SDKROOT = iphoneos;
				SWIFT_ACTIVE_COMPILATION_CONDITIONS = DEBUG;
				SWIFT_OPTIMIZATION_LEVEL = "-Onone";
			};
			name = Debug;
		};
		396870EA294F9D2400EA10B5 /* Release */ = {
			isa = XCBuildConfiguration;
			buildSettings = {
				ALWAYS_SEARCH_USER_PATHS = NO;
				CLANG_ANALYZER_NONNULL = YES;
				CLANG_ANALYZER_NUMBER_OBJECT_CONVERSION = YES_AGGRESSIVE;
				CLANG_CXX_LANGUAGE_STANDARD = "gnu++20";
				CLANG_ENABLE_MODULES = YES;
				CLANG_ENABLE_OBJC_ARC = YES;
				CLANG_ENABLE_OBJC_WEAK = YES;
				CLANG_WARN_BLOCK_CAPTURE_AUTORELEASING = YES;
				CLANG_WARN_BOOL_CONVERSION = YES;
				CLANG_WARN_COMMA = YES;
				CLANG_WARN_CONSTANT_CONVERSION = YES;
				CLANG_WARN_DEPRECATED_OBJC_IMPLEMENTATIONS = YES;
				CLANG_WARN_DIRECT_OBJC_ISA_USAGE = YES_ERROR;
				CLANG_WARN_DOCUMENTATION_COMMENTS = YES;
				CLANG_WARN_EMPTY_BODY = YES;
				CLANG_WARN_ENUM_CONVERSION = YES;
				CLANG_WARN_INFINITE_RECURSION = YES;
				CLANG_WARN_INT_CONVERSION = YES;
				CLANG_WARN_NON_LITERAL_NULL_CONVERSION = YES;
				CLANG_WARN_OBJC_IMPLICIT_RETAIN_SELF = YES;
				CLANG_WARN_OBJC_LITERAL_CONVERSION = YES;
				CLANG_WARN_OBJC_ROOT_CLASS = YES_ERROR;
				CLANG_WARN_QUOTED_INCLUDE_IN_FRAMEWORK_HEADER = YES;
				CLANG_WARN_RANGE_LOOP_ANALYSIS = YES;
				CLANG_WARN_STRICT_PROTOTYPES = YES;
				CLANG_WARN_SUSPICIOUS_MOVE = YES;
				CLANG_WARN_UNGUARDED_AVAILABILITY = YES_AGGRESSIVE;
				CLANG_WARN_UNREACHABLE_CODE = YES;
				CLANG_WARN__DUPLICATE_METHOD_MATCH = YES;
				COPY_PHASE_STRIP = NO;
				DEBUG_INFORMATION_FORMAT = "dwarf-with-dsym";
				ENABLE_NS_ASSERTIONS = NO;
				ENABLE_STRICT_OBJC_MSGSEND = YES;
				GCC_C_LANGUAGE_STANDARD = gnu11;
				GCC_NO_COMMON_BLOCKS = YES;
				GCC_WARN_64_TO_32_BIT_CONVERSION = YES;
				GCC_WARN_ABOUT_RETURN_TYPE = YES_ERROR;
				GCC_WARN_UNDECLARED_SELECTOR = YES;
				GCC_WARN_UNINITIALIZED_AUTOS = YES_AGGRESSIVE;
				GCC_WARN_UNUSED_FUNCTION = YES;
				GCC_WARN_UNUSED_VARIABLE = YES;
				IPHONEOS_DEPLOYMENT_TARGET = 16.0;
				MTL_ENABLE_DEBUG_INFO = NO;
				MTL_FAST_MATH = YES;
				SDKROOT = iphoneos;
				SWIFT_COMPILATION_MODE = wholemodule;
				SWIFT_OPTIMIZATION_LEVEL = "-O";
				VALIDATE_PRODUCT = YES;
			};
			name = Release;
		};
		396870EC294F9D2400EA10B5 /* Debug */ = {
			isa = XCBuildConfiguration;
			buildSettings = {
				ASSETCATALOG_COMPILER_APPICON_NAME = AppIcon;
				ASSETCATALOG_COMPILER_GLOBAL_ACCENT_COLOR_NAME = AccentColor;
				CODE_SIGN_STYLE = Automatic;
				CURRENT_PROJECT_VERSION = 1;
				DEVELOPMENT_ASSET_PATHS = "\"Chord Helper/Preview Content\"";
				DEVELOPMENT_TEAM = 3798C43WZH;
				ENABLE_PREVIEWS = YES;
				GENERATE_INFOPLIST_FILE = YES;
				INFOPLIST_KEY_UIApplicationSceneManifest_Generation = YES;
				INFOPLIST_KEY_UIApplicationSupportsIndirectInputEvents = YES;
				INFOPLIST_KEY_UILaunchScreen_Generation = YES;
				INFOPLIST_KEY_UISupportedInterfaceOrientations_iPad = "UIInterfaceOrientationPortrait UIInterfaceOrientationPortraitUpsideDown UIInterfaceOrientationLandscapeLeft UIInterfaceOrientationLandscapeRight";
				INFOPLIST_KEY_UISupportedInterfaceOrientations_iPhone = "UIInterfaceOrientationPortrait UIInterfaceOrientationLandscapeLeft UIInterfaceOrientationLandscapeRight";
				LD_RUNPATH_SEARCH_PATHS = (
					"$(inherited)",
					"@executable_path/Frameworks",
				);
				MARKETING_VERSION = 1.0;
				PRODUCT_BUNDLE_IDENTIFIER = "com.aabagdi.Chord-Helper";
				PRODUCT_NAME = "$(TARGET_NAME)";
				SWIFT_EMIT_LOC_STRINGS = YES;
				SWIFT_VERSION = 5.0;
				TARGETED_DEVICE_FAMILY = "1,2";
			};
			name = Debug;
		};
		396870ED294F9D2400EA10B5 /* Release */ = {
			isa = XCBuildConfiguration;
			buildSettings = {
				ASSETCATALOG_COMPILER_APPICON_NAME = AppIcon;
				ASSETCATALOG_COMPILER_GLOBAL_ACCENT_COLOR_NAME = AccentColor;
				CODE_SIGN_STYLE = Automatic;
				CURRENT_PROJECT_VERSION = 1;
				DEVELOPMENT_ASSET_PATHS = "\"Chord Helper/Preview Content\"";
				DEVELOPMENT_TEAM = 3798C43WZH;
				ENABLE_PREVIEWS = YES;
				GENERATE_INFOPLIST_FILE = YES;
				INFOPLIST_KEY_UIApplicationSceneManifest_Generation = YES;
				INFOPLIST_KEY_UIApplicationSupportsIndirectInputEvents = YES;
				INFOPLIST_KEY_UILaunchScreen_Generation = YES;
				INFOPLIST_KEY_UISupportedInterfaceOrientations_iPad = "UIInterfaceOrientationPortrait UIInterfaceOrientationPortraitUpsideDown UIInterfaceOrientationLandscapeLeft UIInterfaceOrientationLandscapeRight";
				INFOPLIST_KEY_UISupportedInterfaceOrientations_iPhone = "UIInterfaceOrientationPortrait UIInterfaceOrientationLandscapeLeft UIInterfaceOrientationLandscapeRight";
				LD_RUNPATH_SEARCH_PATHS = (
					"$(inherited)",
					"@executable_path/Frameworks",
				);
				MARKETING_VERSION = 1.0;
				PRODUCT_BUNDLE_IDENTIFIER = "com.aabagdi.Chord-Helper";
				PRODUCT_NAME = "$(TARGET_NAME)";
				SWIFT_EMIT_LOC_STRINGS = YES;
				SWIFT_VERSION = 5.0;
				TARGETED_DEVICE_FAMILY = "1,2";
			};
			name = Release;
		};
/* End XCBuildConfiguration section */

/* Begin XCConfigurationList section */
		396870D8294F9D2400EA10B5 /* Build configuration list for PBXProject "Chord Helper" */ = {
			isa = XCConfigurationList;
			buildConfigurations = (
				396870E9294F9D2400EA10B5 /* Debug */,
				396870EA294F9D2400EA10B5 /* Release */,
			);
			defaultConfigurationIsVisible = 0;
			defaultConfigurationName = Release;
		};
		396870EB294F9D2400EA10B5 /* Build configuration list for PBXNativeTarget "Chord Helper" */ = {
			isa = XCConfigurationList;
			buildConfigurations = (
				396870EC294F9D2400EA10B5 /* Debug */,
				396870ED294F9D2400EA10B5 /* Release */,
			);
			defaultConfigurationIsVisible = 0;
			defaultConfigurationName = Release;
		};
/* End XCConfigurationList section */
	};
	rootObject = 396870D5294F9D2400EA10B5 /* Project object */;
}
